[[package]]
name = "arxiv"
version = "0.5.3"
description = "Python wrapper for the arXiv API: http://arxiv.org/help/api/"
category = "main"
optional = false
python-versions = "*"

[package.dependencies]
feedparser = "*"
requests = "*"

[[package]]
name = "beautifulsoup4"
version = "4.9.3"
description = "Screen-scraping library"
category = "main"
optional = false
python-versions = "*"

[package.dependencies]
soupsieve = {version = ">1.2", markers = "python_version >= \"3.0\""}

[package.extras]
html5lib = ["html5lib"]
lxml = ["lxml"]

[[package]]
name = "certifi"
version = "2020.12.5"
description = "Python package for providing Mozilla's CA Bundle."
category = "main"
optional = false
python-versions = "*"

[[package]]
name = "chardet"
version = "4.0.0"
description = "Universal encoding detector for Python 2 and 3"
category = "main"
optional = false
python-versions = ">=2.7, !=3.0.*, !=3.1.*, !=3.2.*, !=3.3.*, !=3.4.*"

[[package]]
name = "colorama"
version = "0.4.4"
description = "Cross-platform colored terminal text."
category = "main"
optional = false
python-versions = ">=2.7, !=3.0.*, !=3.1.*, !=3.2.*, !=3.3.*, !=3.4.*"

[[package]]
name = "configparser"
version = "5.0.2"
description = "Updated configparser from Python 3.8 for Python 2.6+."
category = "main"
optional = false
python-versions = ">=3.6"

[package.extras]
docs = ["sphinx", "jaraco.packaging (>=8.2)", "rst.linker (>=1.9)"]
testing = ["pytest (>=4.6)", "pytest-checkdocs (>=1.2.3)", "pytest-flake8", "pytest-cov", "pytest-enabler", "pytest-black (>=0.3.7)", "pytest-mypy"]

[[package]]
name = "crayons"
version = "0.4.0"
description = "TextUI colors for Python."
category = "main"
optional = false
python-versions = "*"

[package.dependencies]
colorama = "*"

[[package]]
name = "feedparser"
version = "6.0.2"
description = "Universal feed parser, handles RSS 0.9x, RSS 1.0, RSS 2.0, CDF, Atom 0.3, and Atom 1.0 feeds"
category = "main"
optional = false
python-versions = ">=3.6"

[package.dependencies]
sgmllib3k = "*"

[[package]]
name = "idna"
version = "2.10"
description = "Internationalized Domain Names in Applications (IDNA)"
category = "main"
optional = false
python-versions = ">=2.7, !=3.0.*, !=3.1.*, !=3.2.*, !=3.3.*"

[[package]]
name = "lxml"
version = "4.6.2"
description = "Powerful and Pythonic XML processing library combining libxml2/libxslt with the ElementTree API."
category = "main"
optional = false
python-versions = ">=2.7, !=3.0.*, !=3.1.*, !=3.2.*, !=3.3.*, != 3.4.*"

[package.extras]
cssselect = ["cssselect (>=0.7)"]
html5 = ["html5lib"]
htmlsoup = ["beautifulsoup4"]
source = ["Cython (>=0.29.7)"]

[[package]]
name = "pyyaml"
version = "5.4.1"
description = "YAML parser and emitter for Python"
category = "main"
optional = false
python-versions = ">=2.7, !=3.0.*, !=3.1.*, !=3.2.*, !=3.3.*, !=3.4.*, !=3.5.*"

[[package]]
name = "requests"
version = "2.25.1"
description = "Python HTTP for Humans."
category = "main"
optional = false
python-versions = ">=2.7, !=3.0.*, !=3.1.*, !=3.2.*, !=3.3.*, !=3.4.*"

[package.dependencies]
certifi = ">=2017.4.17"
chardet = ">=3.0.2,<5"
idna = ">=2.5,<3"
urllib3 = ">=1.21.1,<1.27"

[package.extras]
security = ["pyOpenSSL (>=0.14)", "cryptography (>=1.3.4)"]
socks = ["PySocks (>=1.5.6,!=1.5.7)", "win-inet-pton"]

[[package]]
name = "selenium"
version = "3.141.0"
description = "Python bindings for Selenium"
category = "main"
optional = false
python-versions = "*"

[package.dependencies]
urllib3 = "*"

[[package]]
name = "sgmllib3k"
version = "1.0.0"
description = "Py3k port of sgmllib."
category = "main"
optional = false
python-versions = "*"

[[package]]
name = "slackweb"
version = "1.0.5"
description = "slack bot for incomming webhook"
category = "main"
optional = false
python-versions = "*"

[[package]]
name = "soupsieve"
version = "2.2"
description = "A modern CSS selector implementation for Beautiful Soup."
category = "main"
optional = false
python-versions = ">=3.6"

[[package]]
name = "urllib3"
version = "1.26.4"
description = "HTTP library with thread-safe connection pooling, file post, and more."
category = "main"
optional = false
python-versions = ">=2.7, !=3.0.*, !=3.1.*, !=3.2.*, !=3.3.*, !=3.4.*, <4"

[package.extras]
secure = ["pyOpenSSL (>=0.14)", "cryptography (>=1.3.4)", "idna (>=2.0.0)", "certifi", "ipaddress"]
socks = ["PySocks (>=1.5.6,!=1.5.7,<2.0)"]
brotli = ["brotlipy (>=0.6.0)"]

[[package]]
name = "webdriver-manager"
version = "3.3.0"
description = "Library provides the way to automatically manage drivers for different browsers"
category = "main"
optional = false
python-versions = ">=3.6"

[package.dependencies]
configparser = "*"
crayons = "*"
requests = "*"

[metadata]
lock-version = "1.1"
python-versions = "^3.8"
content-hash = "f7426fc3c061f1395a724ad1a6d352a004be7bc502811332cc952c5894833179"

[metadata.files]
arxiv = [
    {file = "arxiv-0.5.3-py3-none-any.whl", hash = "sha256:98bdb4f74f4041b377d9c0e97c41e99ade89e37cf6b7890834419b1e2b152b4c"},
    {file = "arxiv-0.5.3.tar.gz", hash = "sha256:9010cf132bcfb67c07bd363c49d519365310f92ac9da1a06509f712798265987"},
]
beautifulsoup4 = [
    {file = "beautifulsoup4-4.9.3-py2-none-any.whl", hash = "sha256:4c98143716ef1cb40bf7f39a8e3eec8f8b009509e74904ba3a7b315431577e35"},
    {file = "beautifulsoup4-4.9.3-py3-none-any.whl", hash = "sha256:fff47e031e34ec82bf17e00da8f592fe7de69aeea38be00523c04623c04fb666"},
    {file = "beautifulsoup4-4.9.3.tar.gz", hash = "sha256:84729e322ad1d5b4d25f805bfa05b902dd96450f43842c4e99067d5e1369eb25"},
]
certifi = [
    {file = "certifi-2020.12.5-py2.py3-none-any.whl", hash = "sha256:719a74fb9e33b9bd44cc7f3a8d94bc35e4049deebe19ba7d8e108280cfd59830"},
    {file = "certifi-2020.12.5.tar.gz", hash = "sha256:1a4995114262bffbc2413b159f2a1a480c969de6e6eb13ee966d470af86af59c"},
]
chardet = [
    {file = "chardet-4.0.0-py2.py3-none-any.whl", hash = "sha256:f864054d66fd9118f2e67044ac8981a54775ec5b67aed0441892edb553d21da5"},
    {file = "chardet-4.0.0.tar.gz", hash = "sha256:0d6f53a15db4120f2b08c94f11e7d93d2c911ee118b6b30a04ec3ee8310179fa"},
]
colorama = [
    {file = "colorama-0.4.4-py2.py3-none-any.whl", hash = "sha256:9f47eda37229f68eee03b24b9748937c7dc3868f906e8ba69fbcbdd3bc5dc3e2"},
    {file = "colorama-0.4.4.tar.gz", hash = "sha256:5941b2b48a20143d2267e95b1c2a7603ce057ee39fd88e7329b0c292aa16869b"},
]
configparser = [
    {file = "configparser-5.0.2-py3-none-any.whl", hash = "sha256:af59f2cdd7efbdd5d111c1976ecd0b82db9066653362f0962d7bf1d3ab89a1fa"},
    {file = "configparser-5.0.2.tar.gz", hash = "sha256:85d5de102cfe6d14a5172676f09d19c465ce63d6019cf0a4ef13385fc535e828"},
]
crayons = [
    {file = "crayons-0.4.0-py2.py3-none-any.whl", hash = "sha256:e73ad105c78935d71fe454dd4b85c5c437ba199294e7ffd3341842bc683654b1"},
    {file = "crayons-0.4.0.tar.gz", hash = "sha256:bd33b7547800f2cfbd26b38431f9e64b487a7de74a947b0fafc89b45a601813f"},
]
feedparser = [
    {file = "feedparser-6.0.2-py3-none-any.whl", hash = "sha256:f596c4b34fb3e2dc7e6ac3a8191603841e8d5d267210064e94d4238737452ddd"},
    {file = "feedparser-6.0.2.tar.gz", hash = "sha256:1b00a105425f492f3954fd346e5b524ca9cef3a4bbf95b8809470e9857aa1074"},
]
idna = [
    {file = "idna-2.10-py2.py3-none-any.whl", hash = "sha256:b97d804b1e9b523befed77c48dacec60e6dcb0b5391d57af6a65a312a90648c0"},
    {file = "idna-2.10.tar.gz", hash = "sha256:b307872f855b18632ce0c21c5e45be78c0ea7ae4c15c828c20788b26921eb3f6"},
]
lxml = [
    {file = "lxml-4.6.2-cp27-cp27m-macosx_10_9_x86_64.whl", hash = "sha256:a9d6bc8642e2c67db33f1247a77c53476f3a166e09067c0474facb045756087f"},
    {file = "lxml-4.6.2-cp27-cp27m-manylinux1_i686.whl", hash = "sha256:791394449e98243839fa822a637177dd42a95f4883ad3dec2a0ce6ac99fb0a9d"},
    {file = "lxml-4.6.2-cp27-cp27m-manylinux1_x86_64.whl", hash = "sha256:68a5d77e440df94011214b7db907ec8f19e439507a70c958f750c18d88f995d2"},
    {file = "lxml-4.6.2-cp27-cp27m-win32.whl", hash = "sha256:fc37870d6716b137e80d19241d0e2cff7a7643b925dfa49b4c8ebd1295eb506e"},
    {file = "lxml-4.6.2-cp27-cp27m-win_amd64.whl", hash = "sha256:69a63f83e88138ab7642d8f61418cf3180a4d8cd13995df87725cb8b893e950e"},
    {file = "lxml-4.6.2-cp27-cp27mu-manylinux1_i686.whl", hash = "sha256:42ebca24ba2a21065fb546f3e6bd0c58c3fe9ac298f3a320147029a4850f51a2"},
    {file = "lxml-4.6.2-cp27-cp27mu-manylinux1_x86_64.whl", hash = "sha256:f83d281bb2a6217cd806f4cf0ddded436790e66f393e124dfe9731f6b3fb9afe"},
    {file = "lxml-4.6.2-cp35-cp35m-manylinux1_i686.whl", hash = "sha256:535f067002b0fd1a4e5296a8f1bf88193080ff992a195e66964ef2a6cfec5388"},
    {file = "lxml-4.6.2-cp35-cp35m-manylinux1_x86_64.whl", hash = "sha256:366cb750140f221523fa062d641393092813b81e15d0e25d9f7c6025f910ee80"},
    {file = "lxml-4.6.2-cp35-cp35m-manylinux2014_aarch64.whl", hash = "sha256:97db258793d193c7b62d4e2586c6ed98d51086e93f9a3af2b2034af01450a74b"},
    {file = "lxml-4.6.2-cp35-cp35m-win32.whl", hash = "sha256:648914abafe67f11be7d93c1a546068f8eff3c5fa938e1f94509e4a5d682b2d8"},
    {file = "lxml-4.6.2-cp35-cp35m-win_amd64.whl", hash = "sha256:4e751e77006da34643ab782e4a5cc21ea7b755551db202bc4d3a423b307db780"},
    {file = "lxml-4.6.2-cp36-cp36m-macosx_10_9_x86_64.whl", hash = "sha256:681d75e1a38a69f1e64ab82fe4b1ed3fd758717bed735fb9aeaa124143f051af"},
    {file = "lxml-4.6.2-cp36-cp36m-manylinux1_i686.whl", hash = "sha256:127f76864468d6630e1b453d3ffbbd04b024c674f55cf0a30dc2595137892d37"},
    {file = "lxml-4.6.2-cp36-cp36m-manylinux1_x86_64.whl", hash = "sha256:4fb85c447e288df535b17ebdebf0ec1cf3a3f1a8eba7e79169f4f37af43c6b98"},
    {file = "lxml-4.6.2-cp36-cp36m-manylinux2014_aarch64.whl", hash = "sha256:5be4a2e212bb6aa045e37f7d48e3e1e4b6fd259882ed5a00786f82e8c37ce77d"},
    {file = "lxml-4.6.2-cp36-cp36m-win32.whl", hash = "sha256:8c88b599e226994ad4db29d93bc149aa1aff3dc3a4355dd5757569ba78632bdf"},
    {file = "lxml-4.6.2-cp36-cp36m-win_amd64.whl", hash = "sha256:6e4183800f16f3679076dfa8abf2db3083919d7e30764a069fb66b2b9eff9939"},
    {file = "lxml-4.6.2-cp37-cp37m-macosx_10_9_x86_64.whl", hash = "sha256:d8d3d4713f0c28bdc6c806a278d998546e8efc3498949e3ace6e117462ac0a5e"},
    {file = "lxml-4.6.2-cp37-cp37m-manylinux1_i686.whl", hash = "sha256:8246f30ca34dc712ab07e51dc34fea883c00b7ccb0e614651e49da2c49a30711"},
    {file = "lxml-4.6.2-cp37-cp37m-manylinux1_x86_64.whl", hash = "sha256:923963e989ffbceaa210ac37afc9b906acebe945d2723e9679b643513837b089"},
    {file = "lxml-4.6.2-cp37-cp37m-manylinux2014_aarch64.whl", hash = "sha256:1471cee35eba321827d7d53d104e7b8c593ea3ad376aa2df89533ce8e1b24a01"},
    {file = "lxml-4.6.2-cp37-cp37m-win32.whl", hash = "sha256:2363c35637d2d9d6f26f60a208819e7eafc4305ce39dc1d5005eccc4593331c2"},
    {file = "lxml-4.6.2-cp37-cp37m-win_amd64.whl", hash = "sha256:f4822c0660c3754f1a41a655e37cb4dbbc9be3d35b125a37fab6f82d47674ebc"},
    {file = "lxml-4.6.2-cp38-cp38-macosx_10_9_x86_64.whl", hash = "sha256:0448576c148c129594d890265b1a83b9cd76fd1f0a6a04620753d9a6bcfd0a4d"},
    {file = "lxml-4.6.2-cp38-cp38-manylinux1_i686.whl", hash = "sha256:60a20bfc3bd234d54d49c388950195d23a5583d4108e1a1d47c9eef8d8c042b3"},
    {file = "lxml-4.6.2-cp38-cp38-manylinux1_x86_64.whl", hash = "sha256:2e5cc908fe43fe1aa299e58046ad66981131a66aea3129aac7770c37f590a644"},
    {file = "lxml-4.6.2-cp38-cp38-manylinux2014_aarch64.whl", hash = "sha256:50c348995b47b5a4e330362cf39fc503b4a43b14a91c34c83b955e1805c8e308"},
    {file = "lxml-4.6.2-cp38-cp38-win32.whl", hash = "sha256:94d55bd03d8671686e3f012577d9caa5421a07286dd351dfef64791cf7c6c505"},
    {file = "lxml-4.6.2-cp38-cp38-win_amd64.whl", hash = "sha256:7a7669ff50f41225ca5d6ee0a1ec8413f3a0d8aa2b109f86d540887b7ec0d72a"},
    {file = "lxml-4.6.2-cp39-cp39-macosx_10_9_x86_64.whl", hash = "sha256:e0bfe9bb028974a481410432dbe1b182e8191d5d40382e5b8ff39cdd2e5c5931"},
    {file = "lxml-4.6.2-cp39-cp39-manylinux1_i686.whl", hash = "sha256:6fd8d5903c2e53f49e99359b063df27fdf7acb89a52b6a12494208bf61345a03"},
    {file = "lxml-4.6.2-cp39-cp39-manylinux1_x86_64.whl", hash = "sha256:7e9eac1e526386df7c70ef253b792a0a12dd86d833b1d329e038c7a235dfceb5"},
    {file = "lxml-4.6.2-cp39-cp39-manylinux2014_aarch64.whl", hash = "sha256:7ee8af0b9f7de635c61cdd5b8534b76c52cd03536f29f51151b377f76e214a1a"},
    {file = "lxml-4.6.2-cp39-cp39-win32.whl", hash = "sha256:2e6fd1b8acd005bd71e6c94f30c055594bbd0aa02ef51a22bbfa961ab63b2d75"},
    {file = "lxml-4.6.2-cp39-cp39-win_amd64.whl", hash = "sha256:535332fe9d00c3cd455bd3dd7d4bacab86e2d564bdf7606079160fa6251caacf"},
    {file = "lxml-4.6.2.tar.gz", hash = "sha256:cd11c7e8d21af997ee8079037fff88f16fda188a9776eb4b81c7e4c9c0a7d7fc"},
]
pyyaml = [
    {file = "PyYAML-5.4.1-cp27-cp27m-macosx_10_9_x86_64.whl", hash = "sha256:3b2b1824fe7112845700f815ff6a489360226a5609b96ec2190a45e62a9fc922"},
    {file = "PyYAML-5.4.1-cp27-cp27m-win32.whl", hash = "sha256:129def1b7c1bf22faffd67b8f3724645203b79d8f4cc81f674654d9902cb4393"},
    {file = "PyYAML-5.4.1-cp27-cp27m-win_amd64.whl", hash = "sha256:4465124ef1b18d9ace298060f4eccc64b0850899ac4ac53294547536533800c8"},
    {file = "PyYAML-5.4.1-cp27-cp27mu-manylinux1_x86_64.whl", hash = "sha256:bb4191dfc9306777bc594117aee052446b3fa88737cd13b7188d0e7aa8162185"},
    {file = "PyYAML-5.4.1-cp36-cp36m-macosx_10_9_x86_64.whl", hash = "sha256:6c78645d400265a062508ae399b60b8c167bf003db364ecb26dcab2bda048253"},
    {file = "PyYAML-5.4.1-cp36-cp36m-manylinux1_x86_64.whl", hash = "sha256:4e0583d24c881e14342eaf4ec5fbc97f934b999a6828693a99157fde912540cc"},
    {file = "PyYAML-5.4.1-cp36-cp36m-manylinux2014_aarch64.whl", hash = "sha256:72a01f726a9c7851ca9bfad6fd09ca4e090a023c00945ea05ba1638c09dc3347"},
    {file = "PyYAML-5.4.1-cp36-cp36m-manylinux2014_s390x.whl", hash = "sha256:895f61ef02e8fed38159bb70f7e100e00f471eae2bc838cd0f4ebb21e28f8541"},
    {file = "PyYAML-5.4.1-cp36-cp36m-win32.whl", hash = "sha256:3bd0e463264cf257d1ffd2e40223b197271046d09dadf73a0fe82b9c1fc385a5"},
    {file = "PyYAML-5.4.1-cp36-cp36m-win_amd64.whl", hash = "sha256:e4fac90784481d221a8e4b1162afa7c47ed953be40d31ab4629ae917510051df"},
    {file = "PyYAML-5.4.1-cp37-cp37m-macosx_10_9_x86_64.whl", hash = "sha256:5accb17103e43963b80e6f837831f38d314a0495500067cb25afab2e8d7a4018"},
    {file = "PyYAML-5.4.1-cp37-cp37m-manylinux1_x86_64.whl", hash = "sha256:e1d4970ea66be07ae37a3c2e48b5ec63f7ba6804bdddfdbd3cfd954d25a82e63"},
    {file = "PyYAML-5.4.1-cp37-cp37m-manylinux2014_aarch64.whl", hash = "sha256:cb333c16912324fd5f769fff6bc5de372e9e7a202247b48870bc251ed40239aa"},
    {file = "PyYAML-5.4.1-cp37-cp37m-manylinux2014_s390x.whl", hash = "sha256:fe69978f3f768926cfa37b867e3843918e012cf83f680806599ddce33c2c68b0"},
    {file = "PyYAML-5.4.1-cp37-cp37m-win32.whl", hash = "sha256:dd5de0646207f053eb0d6c74ae45ba98c3395a571a2891858e87df7c9b9bd51b"},
    {file = "PyYAML-5.4.1-cp37-cp37m-win_amd64.whl", hash = "sha256:08682f6b72c722394747bddaf0aa62277e02557c0fd1c42cb853016a38f8dedf"},
    {file = "PyYAML-5.4.1-cp38-cp38-macosx_10_9_x86_64.whl", hash = "sha256:d2d9808ea7b4af864f35ea216be506ecec180628aced0704e34aca0b040ffe46"},
    {file = "PyYAML-5.4.1-cp38-cp38-manylinux1_x86_64.whl", hash = "sha256:8c1be557ee92a20f184922c7b6424e8ab6691788e6d86137c5d93c1a6ec1b8fb"},
    {file = "PyYAML-5.4.1-cp38-cp38-manylinux2014_aarch64.whl", hash = "sha256:fd7f6999a8070df521b6384004ef42833b9bd62cfee11a09bda1079b4b704247"},
    {file = "PyYAML-5.4.1-cp38-cp38-manylinux2014_s390x.whl", hash = "sha256:bfb51918d4ff3d77c1c856a9699f8492c612cde32fd3bcd344af9be34999bfdc"},
    {file = "PyYAML-5.4.1-cp38-cp38-win32.whl", hash = "sha256:fa5ae20527d8e831e8230cbffd9f8fe952815b2b7dae6ffec25318803a7528fc"},
    {file = "PyYAML-5.4.1-cp38-cp38-win_amd64.whl", hash = "sha256:0f5f5786c0e09baddcd8b4b45f20a7b5d61a7e7e99846e3c799b05c7c53fa696"},
    {file = "PyYAML-5.4.1-cp39-cp39-macosx_10_9_x86_64.whl", hash = "sha256:294db365efa064d00b8d1ef65d8ea2c3426ac366c0c4368d930bf1c5fb497f77"},
    {file = "PyYAML-5.4.1-cp39-cp39-manylinux1_x86_64.whl", hash = "sha256:74c1485f7707cf707a7aef42ef6322b8f97921bd89be2ab6317fd782c2d53183"},
    {file = "PyYAML-5.4.1-cp39-cp39-manylinux2014_aarch64.whl", hash = "sha256:d483ad4e639292c90170eb6f7783ad19490e7a8defb3e46f97dfe4bacae89122"},
    {file = "PyYAML-5.4.1-cp39-cp39-manylinux2014_s390x.whl", hash = "sha256:fdc842473cd33f45ff6bce46aea678a54e3d21f1b61a7750ce3c498eedfe25d6"},
    {file = "PyYAML-5.4.1-cp39-cp39-win32.whl", hash = "sha256:49d4cdd9065b9b6e206d0595fee27a96b5dd22618e7520c33204a4a3239d5b10"},
    {file = "PyYAML-5.4.1-cp39-cp39-win_amd64.whl", hash = "sha256:c20cfa2d49991c8b4147af39859b167664f2ad4561704ee74c1de03318e898db"},
    {file = "PyYAML-5.4.1.tar.gz", hash = "sha256:607774cbba28732bfa802b54baa7484215f530991055bb562efbed5b2f20a45e"},
]
requests = [
    {file = "requests-2.25.1-py2.py3-none-any.whl", hash = "sha256:c210084e36a42ae6b9219e00e48287def368a26d03a048ddad7bfee44f75871e"},
    {file = "requests-2.25.1.tar.gz", hash = "sha256:27973dd4a904a4f13b263a19c866c13b92a39ed1c964655f025f3f8d3d75b804"},
]
selenium = [
    {file = "selenium-3.141.0-py2.py3-none-any.whl", hash = "sha256:2d7131d7bc5a5b99a2d9b04aaf2612c411b03b8ca1b1ee8d3de5845a9be2cb3c"},
    {file = "selenium-3.141.0.tar.gz", hash = "sha256:deaf32b60ad91a4611b98d8002757f29e6f2c2d5fcaf202e1c9ad06d6772300d"},
]
sgmllib3k = [
    {file = "sgmllib3k-1.0.0.tar.gz", hash = "sha256:7868fb1c8bfa764c1ac563d3cf369c381d1325d36124933a726f29fcdaa812e9"},
]
slackweb = [
    {file = "slackweb-1.0.5.tar.gz", hash = "sha256:bb64f1f8fea99fc04ce8fb300a09aab8fe51d86e25cedafb1eaca07f7b828c36"},
]
soupsieve = [
    {file = "soupsieve-2.2-py3-none-any.whl", hash = "sha256:d3a5ea5b350423f47d07639f74475afedad48cf41c0ad7a82ca13a3928af34f6"},
    {file = "soupsieve-2.2.tar.gz", hash = "sha256:407fa1e8eb3458d1b5614df51d9651a1180ea5fedf07feb46e45d7e25e6d6cdd"},
]
urllib3 = [
    {file = "urllib3-1.26.4-py2.py3-none-any.whl", hash = "sha256:2f4da4594db7e1e110a944bb1b551fdf4e6c136ad42e4234131391e21eb5b0df"},
    {file = "urllib3-1.26.4.tar.gz", hash = "sha256:e7b021f7241115872f92f43c6508082facffbd1c048e3c6e2bb9c2a157e28937"},
]
webdriver-manager = [
    {file = "webdriver_manager-3.3.0-py2.py3-none-any.whl", hash = "sha256:22ae0ace4da117472302c21ead8ec05eb5c1312eeeba97547395d79f83afb241"},
    {file = "webdriver_manager-3.3.0.tar.gz", hash = "sha256:6b54b18f75379f97f9e49f504a8e79010d47af1da8e7b5d7d7a103ca535b1e46"},
]
